{
  "requires": true,
  "lockfileVersion": 1,
  "dependencies": {
    "ng-click-outside": {
      "version": "8.0.0",
      "resolved": "https://registry.npmjs.org/ng-click-outside/-/ng-click-outside-8.0.0.tgz",
      "integrity": "sha512-CVzddAMjaGS2hTVWu313fS/ksaAqg6O90xqVOJoCVhmZ7E7+i0nFeTWEqNsppi0Fe9GntuAAphN/eWBz6+0Low=="
    }
  }
}
